{
  "requires": true,
  "lockfileVersion": 1,
  "dependencies": {
    "babel-polyfill": {
      "version": "https://registry.npm.taobao.org/babel-polyfill/download/babel-polyfill-6.26.0.tgz",
      "integrity": "sha1-N5k3q8Z9eJWXCtxiHyhM2WbPIVM=",
      "requires": {
        "babel-runtime": "https://registry.npm.taobao.org/babel-runtime/download/babel-runtime-6.26.0.tgz",
        "core-js": "https://registry.npm.taobao.org/core-js/download/core-js-2.5.0.tgz",
        "regenerator-runtime": "https://registry.npm.taobao.org/regenerator-runtime/download/regenerator-runtime-0.10.5.tgz"
      }
    },
    "babel-runtime": {
      "version": "https://registry.npm.taobao.org/babel-runtime/download/babel-runtime-6.26.0.tgz",
      "integrity": "sha1-llxwWGaOgrVde/4E/yM3vItWR/4=",
      "requires": {
        "core-js": "https://registry.npm.taobao.org/core-js/download/core-js-2.5.0.tgz",
        "regenerator-runtime": "https://registry.npm.taobao.org/regenerator-runtime/download/regenerator-runtime-0.11.0.tgz"
      },
      "dependencies": {
        "regenerator-runtime": {
          "version": "https://registry.npm.taobao.org/regenerator-runtime/download/regenerator-runtime-0.11.0.tgz",
          "integrity": "sha1-flT+W1zNXWYk6mJVw0c74JC4AuE="
        }
      }
    },
    "core-js": {
      "version": "https://registry.npm.taobao.org/core-js/download/core-js-2.5.0.tgz",
      "integrity": "sha1-VpwFCRi+ZIazg3VSAorgRmtxcIY="
    },
    "lodash": {
      "version": "4.17.4",
      "resolved": "http://registry.npm.taobao.org/lodash/download/lodash-4.17.4.tgz",
      "integrity": "sha1-eCA6TRwyiuHYbcpkYONptX9AVa4=",
      "dev": true
    },
    "regenerator-runtime": {
      "version": "https://registry.npm.taobao.org/regenerator-runtime/download/regenerator-runtime-0.10.5.tgz",
      "integrity": "sha1-M2w+/BIgrc7dosn6tntaeVWjNlg="
    },
    "webpack-merge": {
      "version": "4.1.0",
      "resolved": "http://registry.npm.taobao.org/webpack-merge/download/webpack-merge-4.1.0.tgz",
      "integrity": "sha1-atciI7PguDflMeRZfBmfkJNhUR4=",
      "dev": true,
      "requires": {
        "lodash": "4.17.4"
      }
    }
  }
}
